
Microsoft Visual Studio Solution File, Format Version 12.00
# Visual Studio Version 17
VisualStudioVersion = 17.0.31903.59
MinimumVisualStudioVersion = 10.0.40219.1
Project("{FAE04EC0-301F-11D3-BF4B-00C04F79EFBC}") = "blurp", "blurp\blurp.csproj", "{42A57243-208C-440F-A9EF-FCFAB953DC51}"
EndProject
Project("{FAE04EC0-301F-11D3-BF4B-00C04F79EFBC}") = "name-app", "name-app\name-app.csproj", "{CCFFB4BD-4CAE-454D-AF7B-7CAE77E6082D}"
EndProject
Global
	GlobalSection(SolutionConfigurationPlatforms) = preSolution
		Debug|Any CPU = Debug|Any CPU
		Release|Any CPU = Release|Any CPU
	EndGlobalSection
	GlobalSection(SolutionProperties) = preSolution
		HideSolutionNode = FALSE
	EndGlobalSection
	GlobalSection(ProjectConfigurationPlatforms) = postSolution
		{42A57243-208C-440F-A9EF-FCFAB953DC51}.Debug|Any CPU.ActiveCfg = Debug|Any CPU
		{42A57243-208C-440F-A9EF-FCFAB953DC51}.Debug|Any CPU.Build.0 = Debug|Any CPU
		{42A57243-208C-440F-A9EF-FCFAB953DC51}.Release|Any CPU.ActiveCfg = Release|Any CPU
		{42A57243-208C-440F-A9EF-FCFAB953DC51}.Release|Any CPU.Build.0 = Release|Any CPU
		{CCFFB4BD-4CAE-454D-AF7B-7CAE77E6082D}.Debug|Any CPU.ActiveCfg = Debug|Any CPU
		{CCFFB4BD-4CAE-454D-AF7B-7CAE77E6082D}.Debug|Any CPU.Build.0 = Debug|Any CPU
		{CCFFB4BD-4CAE-454D-AF7B-7CAE77E6082D}.Release|Any CPU.ActiveCfg = Release|Any CPU
		{CCFFB4BD-4CAE-454D-AF7B-7CAE77E6082D}.Release|Any CPU.Build.0 = Release|Any CPU
	EndGlobalSection
EndGlobal
